// !$*UTF8*$!
{
	archiveVersion = 1;
	classes = {
	};
	objectVersion = 46;
	objects = {

/* Begin PBXBuildFile section */
		68252A8C1DE8A92E0039AF1B /* AppDelegate.swift in Sources */ = {isa = PBXBuildFile; fileRef = 68252A8B1DE8A92E0039AF1B /* AppDelegate.swift */; };
		68252A8E1DE8A92E0039AF1B /* ViewController.swift in Sources */ = {isa = PBXBuildFile; fileRef = 68252A8D1DE8A92E0039AF1B /* ViewController.swift */; };
		68252A911DE8A92E0039AF1B /* Main.storyboard in Resources */ = {isa = PBXBuildFile; fileRef = 68252A8F1DE8A92E0039AF1B /* Main.storyboard */; };
		68252A931DE8A92E0039AF1B /* Assets.xcassets in Resources */ = {isa = PBXBuildFile; fileRef = 68252A921DE8A92E0039AF1B /* Assets.xcassets */; };
		68252A961DE8A92E0039AF1B /* LaunchScreen.storyboard in Resources */ = {isa = PBXBuildFile; fileRef = 68252A941DE8A92E0039AF1B /* LaunchScreen.storyboard */; };
		68252AA11DE8A92F0039AF1B /* SaveTheKittensTests.swift in Sources */ = {isa = PBXBuildFile; fileRef = 68252AA01DE8A92F0039AF1B /* SaveTheKittensTests.swift */; };
		68252AAC1DE8A92F0039AF1B /* SaveTheKittensUITests.swift in Sources */ = {isa = PBXBuildFile; fileRef = 68252AAB1DE8A92F0039AF1B /* SaveTheKittensUITests.swift */; };
/* End PBXBuildFile section */

/* Begin PBXContainerItemProxy section */
		68252A9D1DE8A92F0039AF1B /* PBXContainerItemProxy */ = {
			isa = PBXContainerItemProxy;
			containerPortal = 68252A801DE8A92E0039AF1B /* Project object */;
			proxyType = 1;
			remoteGlobalIDString = 68252A871DE8A92E0039AF1B;
			remoteInfo = SaveTheKittens;
		};
		68252AA81DE8A92F0039AF1B /* PBXContainerItemProxy */ = {
			isa = PBXContainerItemProxy;
			containerPortal = 68252A801DE8A92E0039AF1B /* Project object */;
			proxyType = 1;
			remoteGlobalIDString = 68252A871DE8A92E0039AF1B;
			remoteInfo = SaveTheKittens;
		};
/* End PBXContainerItemProxy section */

/* Begin PBXFileReference section */
		68252A881DE8A92E0039AF1B /* SaveTheKittens.app */ = {isa = PBXFileReference; explicitFileType = wrapper.application; includeInIndex = 0; path = SaveTheKittens.app; sourceTree = BUILT_PRODUCTS_DIR; };
		68252A8B1DE8A92E0039AF1B /* AppDelegate.swift */ = {isa = PBXFileReference; lastKnownFileType = sourcecode.swift; path = AppDelegate.swift; sourceTree = "<group>"; };
		68252A8D1DE8A92E0039AF1B /* ViewController.swift */ = {isa = PBXFileReference; lastKnownFileType = sourcecode.swift; path = ViewController.swift; sourceTree = "<group>"; };
		68252A901DE8A92E0039AF1B /* Base */ = {isa = PBXFileReference; lastKnownFileType = file.storyboard; name = Base; path = Base.lproj/Main.storyboard; sourceTree = "<group>"; };
		68252A921DE8A92E0039AF1B /* Assets.xcassets */ = {isa = PBXFileReference; lastKnownFileType = folder.assetcatalog; path = Assets.xcassets; sourceTree = "<group>"; };
		68252A951DE8A92E0039AF1B /* Base */ = {isa = PBXFileReference; lastKnownFileType = file.storyboard; name = Base; path = Base.lproj/LaunchScreen.storyboard; sourceTree = "<group>"; };
		68252A971DE8A92E0039AF1B /* Info.plist */ = {isa = PBXFileReference; lastKnownFileType = text.plist.xml; path = Info.plist; sourceTree = "<group>"; };
		68252A9C1DE8A92F0039AF1B /* SaveTheKittensTests.xctest */ = {isa = PBXFileReference; explicitFileType = wrapper.cfbundle; includeInIndex = 0; path = SaveTheKittensTests.xctest; sourceTree = BUILT_PRODUCTS_DIR; };
		68252AA01DE8A92F0039AF1B /* SaveTheKittensTests.swift */ = {isa = PBXFileReference; lastKnownFileType = sourcecode.swift; path = SaveTheKittensTests.swift; sourceTree = "<group>"; };
		68252AA21DE8A92F0039AF1B /* Info.plist */ = {isa = PBXFileReference; lastKnownFileType = text.plist.xml; path = Info.plist; sourceTree = "<group>"; };
		68252AA71DE8A92F0039AF1B /* SaveTheKittensUITests.xctest */ = {isa = PBXFileReference; explicitFileType = wrapper.cfbundle; includeInIndex = 0; path = SaveTheKittensUITests.xctest; sourceTree = BUILT_PRODUCTS_DIR; };
		68252AAB1DE8A92F0039AF1B /* SaveTheKittensUITests.swift */ = {isa = PBXFileReference; lastKnownFileType = sourcecode.swift; path = SaveTheKittensUITests.swift; sourceTree = "<group>"; };
		68252AAD1DE8A92F0039AF1B /* Info.plist */ = {isa = PBXFileReference; lastKnownFileType = text.plist.xml; path = Info.plist; sourceTree = "<group>"; };
/* End PBXFileReference section */

/* Begin PBXFrameworksBuildPhase section */
		68252A851DE8A92E0039AF1B /* Frameworks */ = {
			isa = PBXFrameworksBuildPhase;
			buildActionMask = 2147483647;
			files = (
			);
			runOnlyForDeploymentPostprocessing = 0;
		};
		68252A991DE8A92F0039AF1B /* Frameworks */ = {
			isa = PBXFrameworksBuildPhase;
			buildActionMask = 2147483647;
			files = (
			);
			runOnlyForDeploymentPostprocessing = 0;
		};
		68252AA41DE8A92F0039AF1B /* Frameworks */ = {
			isa = PBXFrameworksBuildPhase;
			buildActionMask = 2147483647;
			files = (
			);
			runOnlyForDeploymentPostprocessing = 0;
		};
/* End PBXFrameworksBuildPhase section */

/* Begin PBXGroup section */
		68252A7F1DE8A92E0039AF1B = {
			isa = PBXGroup;
			children = (
				68252A8A1DE8A92E0039AF1B /* SaveTheKittens */,
				68252A9F1DE8A92F0039AF1B /* SaveTheKittensTests */,
				68252AAA1DE8A92F0039AF1B /* SaveTheKittensUITests */,
				68252A891DE8A92E0039AF1B /* Products */,
			);
			sourceTree = "<group>";
		};
		68252A891DE8A92E0039AF1B /* Products */ = {
			isa = PBXGroup;
			children = (
				68252A881DE8A92E0039AF1B /* SaveTheKittens.app */,
				68252A9C1DE8A92F0039AF1B /* SaveTheKittensTests.xctest */,
				68252AA71DE8A92F0039AF1B /* SaveTheKittensUITests.xctest */,
			);
			name = Products;
			sourceTree = "<group>";
		};
		68252A8A1DE8A92E0039AF1B /* SaveTheKittens */ = {
			isa = PBXGroup;
			children = (
				68252A8B1DE8A92E0039AF1B /* AppDelegate.swift */,
				68252A8D1DE8A92E0039AF1B /* ViewController.swift */,
				68252A8F1DE8A92E0039AF1B /* Main.storyboard */,
				68252A921DE8A92E0039AF1B /* Assets.xcassets */,
				68252A941DE8A92E0039AF1B /* LaunchScreen.storyboard */,
				68252A971DE8A92E0039AF1B /* Info.plist */,
			);
			path = SaveTheKittens;
			sourceTree = "<group>";
		};
		68252A9F1DE8A92F0039AF1B /* SaveTheKittensTests */ = {
			isa = PBXGroup;
			children = (
				68252AA01DE8A92F0039AF1B /* SaveTheKittensTests.swift */,
				68252AA21DE8A92F0039AF1B /* Info.plist */,
			);
			path = SaveTheKittensTests;
			sourceTree = "<group>";
		};
		68252AAA1DE8A92F0039AF1B /* SaveTheKittensUITests */ = {
			isa = PBXGroup;
			children = (
				68252AAB1DE8A92F0039AF1B /* SaveTheKittensUITests.swift */,
				68252AAD1DE8A92F0039AF1B /* Info.plist */,
			);
			path = SaveTheKittensUITests;
			sourceTree = "<group>";
		};
/* End PBXGroup section */

/* Begin PBXNativeTarget section */
		68252A871DE8A92E0039AF1B /* SaveTheKittens */ = {
			isa = PBXNativeTarget;
			buildConfigurationList = 68252AB01DE8A92F0039AF1B /* Build configuration list for PBXNativeTarget "SaveTheKittens" */;
			buildPhases = (
				68252A841DE8A92E0039AF1B /* Sources */,
				68252A851DE8A92E0039AF1B /* Frameworks */,
				68252A861DE8A92E0039AF1B /* Resources */,
			);
			buildRules = (
			);
			dependencies = (
			);
			name = SaveTheKittens;
			productName = SaveTheKittens;
			productReference = 68252A881DE8A92E0039AF1B /* SaveTheKittens.app */;
			productType = "com.apple.product-type.application";
		};
		68252A9B1DE8A92F0039AF1B /* SaveTheKittensTests */ = {
			isa = PBXNativeTarget;
			buildConfigurationList = 68252AB31DE8A92F0039AF1B /* Build configuration list for PBXNativeTarget "SaveTheKittensTests" */;
			buildPhases = (
				68252A981DE8A92F0039AF1B /* Sources */,
				68252A991DE8A92F0039AF1B /* Frameworks */,
				68252A9A1DE8A92F0039AF1B /* Resources */,
			);
			buildRules = (
			);
			dependencies = (
				68252A9E1DE8A92F0039AF1B /* PBXTargetDependency */,
			);
			name = SaveTheKittensTests;
			productName = SaveTheKittensTests;
			productReference = 68252A9C1DE8A92F0039AF1B /* SaveTheKittensTests.xctest */;
			productType = "com.apple.product-type.bundle.unit-test";
		};
		68252AA61DE8A92F0039AF1B /* SaveTheKittensUITests */ = {
			isa = PBXNativeTarget;
			buildConfigurationList = 68252AB61DE8A92F0039AF1B /* Build configuration list for PBXNativeTarget "SaveTheKittensUITests" */;
			buildPhases = (
				68252AA31DE8A92F0039AF1B /* Sources */,
				68252AA41DE8A92F0039AF1B /* Frameworks */,
				68252AA51DE8A92F0039AF1B /* Resources */,
			);
			buildRules = (
			);
			dependencies = (
				68252AA91DE8A92F0039AF1B /* PBXTargetDependency */,
			);
			name = SaveTheKittensUITests;
			productName = SaveTheKittensUITests;
			productReference = 68252AA71DE8A92F0039AF1B /* SaveTheKittensUITests.xctest */;
			productType = "com.apple.product-type.bundle.ui-testing";
		};
/* End PBXNativeTarget section */

/* Begin PBXProject section */
		68252A801DE8A92E0039AF1B /* Project object */ = {
			isa = PBXProject;
			attributes = {
				LastSwiftUpdateCheck = 0810;
				LastUpgradeCheck = 0810;
				ORGANIZATIONNAME = HackingInnovations;
				TargetAttributes = {
					68252A871DE8A92E0039AF1B = {
						CreatedOnToolsVersion = 8.1;
						ProvisioningStyle = Automatic;
					};
					68252A9B1DE8A92F0039AF1B = {
						CreatedOnToolsVersion = 8.1;
						ProvisioningStyle = Automatic;
						TestTargetID = 68252A871DE8A92E0039AF1B;
					};
					68252AA61DE8A92F0039AF1B = {
						CreatedOnToolsVersion = 8.1;
						ProvisioningStyle = Automatic;
						TestTargetID = 68252A871DE8A92E0039AF1B;
					};
				};
			};
			buildConfigurationList = 68252A831DE8A92E0039AF1B /* Build configuration list for PBXProject "SaveTheKittens" */;
			compatibilityVersion = "Xcode 3.2";
			developmentRegion = English;
			hasScannedForEncodings = 0;
			knownRegions = (
				en,
				Base,
			);
			mainGroup = 68252A7F1DE8A92E0039AF1B;
			productRefGroup = 68252A891DE8A92E0039AF1B /* Products */;
			projectDirPath = "";
			projectRoot = "";
			targets = (
				68252A871DE8A92E0039AF1B /* SaveTheKittens */,
				68252A9B1DE8A92F0039AF1B /* SaveTheKittensTests */,
				68252AA61DE8A92F0039AF1B /* SaveTheKittensUITests */,
			);
		};
/* End PBXProject section */

/* Begin PBXResourcesBuildPhase section */
		68252A861DE8A92E0039AF1B /* Resources */ = {
			isa = PBXResourcesBuildPhase;
			buildActionMask = 2147483647;
			files = (
				68252A961DE8A92E0039AF1B /* LaunchScreen.storyboard in Resources */,
				68252A931DE8A92E0039AF1B /* Assets.xcassets in Resources */,
				68252A911DE8A92E0039AF1B /* Main.storyboard in Resources */,
			);
			runOnlyForDeploymentPostprocessing = 0;
		};
		68252A9A1DE8A92F0039AF1B /* Resources */ = {
			isa = PBXResourcesBuildPhase;
			buildActionMask = 2147483647;
			files = (
			);
			runOnlyForDeploymentPostprocessing = 0;
		};
		68252AA51DE8A92F0039AF1B /* Resources */ = {
			isa = PBXResourcesBuildPhase;
			buildActionMask = 2147483647;
			files = (
			);
			runOnlyForDeploymentPostprocessing = 0;
		};
/* End PBXResourcesBuildPhase section */

/* Begin PBXSourcesBuildPhase section */
		68252A841DE8A92E0039AF1B /* Sources */ = {
			isa = PBXSourcesBuildPhase;
			buildActionMask = 2147483647;
			files = (
				68252A8E1DE8A92E0039AF1B /* ViewController.swift in Sources */,
				68252A8C1DE8A92E0039AF1B /* AppDelegate.swift in Sources */,
			);
			runOnlyForDeploymentPostprocessing = 0;
		};
		68252A981DE8A92F0039AF1B /* Sources */ = {
			isa = PBXSourcesBuildPhase;
			buildActionMask = 2147483647;
			files = (
				68252AA11DE8A92F0039AF1B /* SaveTheKittensTests.swift in Sources */,
			);
			runOnlyForDeploymentPostprocessing = 0;
		};
		68252AA31DE8A92F0039AF1B /* Sources */ = {
			isa = PBXSourcesBuildPhase;
			buildActionMask = 2147483647;
			files = (
				68252AAC1DE8A92F0039AF1B /* SaveTheKittensUITests.swift in Sources */,
			);
			runOnlyForDeploymentPostprocessing = 0;
		};
/* End PBXSourcesBuildPhase section */

/* Begin PBXTargetDependency section */
		68252A9E1DE8A92F0039AF1B /* PBXTargetDependency */ = {
			isa = PBXTargetDependency;
			target = 68252A871DE8A92E0039AF1B /* SaveTheKittens */;
			targetProxy = 68252A9D1DE8A92F0039AF1B /* PBXContainerItemProxy */;
		};
		68252AA91DE8A92F0039AF1B /* PBXTargetDependency */ = {
			isa = PBXTargetDependency;
			target = 68252A871DE8A92E0039AF1B /* SaveTheKittens */;
			targetProxy = 68252AA81DE8A92F0039AF1B /* PBXContainerItemProxy */;
		};
/* End PBXTargetDependency section */

/* Begin PBXVariantGroup section */
		68252A8F1DE8A92E0039AF1B /* Main.storyboard */ = {
			isa = PBXVariantGroup;
			children = (
				68252A901DE8A92E0039AF1B /* Base */,
			);
			name = Main.storyboard;
			sourceTree = "<group>";
		};
		68252A941DE8A92E0039AF1B /* LaunchScreen.storyboard */ = {
			isa = PBXVariantGroup;
			children = (
				68252A951DE8A92E0039AF1B /* Base */,
			);
			name = LaunchScreen.storyboard;
			sourceTree = "<group>";
		};
/* End PBXVariantGroup section */

/* Begin XCBuildConfiguration section */
		68252AAE1DE8A92F0039AF1B /* Debug */ = {
			isa = XCBuildConfiguration;
			buildSettings = {
				ALWAYS_SEARCH_USER_PATHS = NO;
				CLANG_ANALYZER_NONNULL = YES;
				CLANG_CXX_LANGUAGE_STANDARD = "gnu++0x";
				CLANG_CXX_LIBRARY = "libc++";
				CLANG_ENABLE_MODULES = YES;
				CLANG_ENABLE_OBJC_ARC = YES;
				CLANG_WARN_BOOL_CONVERSION = YES;
				CLANG_WARN_CONSTANT_CONVERSION = YES;
				CLANG_WARN_DIRECT_OBJC_ISA_USAGE = YES_ERROR;
				CLANG_WARN_DOCUMENTATION_COMMENTS = YES;
				CLANG_WARN_EMPTY_BODY = YES;
				CLANG_WARN_ENUM_CONVERSION = YES;
				CLANG_WARN_INFINITE_RECURSION = YES;
				CLANG_WARN_INT_CONVERSION = YES;
				CLANG_WARN_OBJC_ROOT_CLASS = YES_ERROR;
				CLANG_WARN_SUSPICIOUS_MOVES = YES;
				CLANG_WARN_UNREACHABLE_CODE = YES;
				CLANG_WARN__DUPLICATE_METHOD_MATCH = YES;
				"CODE_SIGN_IDENTITY[sdk=iphoneos*]" = "iPhone Developer";
				COPY_PHASE_STRIP = NO;
				DEBUG_INFORMATION_FORMAT = dwarf;
				ENABLE_STRICT_OBJC_MSGSEND = YES;
				ENABLE_TESTABILITY = YES;
				GCC_C_LANGUAGE_STANDARD = gnu99;
				GCC_DYNAMIC_NO_PIC = NO;
				GCC_NO_COMMON_BLOCKS = YES;
				GCC_OPTIMIZATION_LEVEL = 0;
				GCC_PREPROCESSOR_DEFINITIONS = (
					"DEBUG=1",
					"$(inherited)",
				);
				GCC_WARN_64_TO_32_BIT_CONVERSION = YES;
				GCC_WARN_ABOUT_RETURN_TYPE = YES_ERROR;
				GCC_WARN_UNDECLARED_SELECTOR = YES;
				GCC_WARN_UNINITIALIZED_AUTOS = YES_AGGRESSIVE;
				GCC_WARN_UNUSED_FUNCTION = YES;
				GCC_WARN_UNUSED_VARIABLE = YES;
				IPHONEOS_DEPLOYMENT_TARGET = 10.1;
				MTL_ENABLE_DEBUG_INFO = YES;
				ONLY_ACTIVE_ARCH = YES;
				SDKROOT = iphoneos;
				SWIFT_ACTIVE_COMPILATION_CONDITIONS = DEBUG;
				SWIFT_OPTIMIZATION_LEVEL = "-Onone";
				TARGETED_DEVICE_FAMILY = "1,2";
			};
			name = Debug;
		};
		68252AAF1DE8A92F0039AF1B /* Release */ = {
			isa = XCBuildConfiguration;
			buildSettings = {
				ALWAYS_SEARCH_USER_PATHS = NO;
				CLANG_ANALYZER_NONNULL = YES;
				CLANG_CXX_LANGUAGE_STANDARD = "gnu++0x";
				CLANG_CXX_LIBRARY = "libc++";
				CLANG_ENABLE_MODULES = YES;
				CLANG_ENABLE_OBJC_ARC = YES;
				CLANG_WARN_BOOL_CONVERSION = YES;
				CLANG_WARN_CONSTANT_CONVERSION = YES;
				CLANG_WARN_DIRECT_OBJC_ISA_USAGE = YES_ERROR;
				CLANG_WARN_DOCUMENTATION_COMMENTS = YES;
				CLANG_WARN_EMPTY_BODY = YES;
				CLANG_WARN_ENUM_CONVERSION = YES;
				CLANG_WARN_INFINITE_RECURSION = YES;
				CLANG_WARN_INT_CONVERSION = YES;
				CLANG_WARN_OBJC_ROOT_CLASS = YES_ERROR;
				CLANG_WARN_SUSPICIOUS_MOVES = YES;
				CLANG_WARN_UNREACHABLE_CODE = YES;
				CLANG_WARN__DUPLICATE_METHOD_MATCH = YES;
				"CODE_SIGN_IDENTITY[sdk=iphoneos*]" = "iPhone Developer";
				COPY_PHASE_STRIP = NO;
				DEBUG_INFORMATION_FORMAT = "dwarf-with-dsym";
				ENABLE_NS_ASSERTIONS = NO;
				ENABLE_STRICT_OBJC_MSGSEND = YES;
				GCC_C_LANGUAGE_STANDARD = gnu99;
				GCC_NO_COMMON_BLOCKS = YES;
				GCC_WARN_64_TO_32_BIT_CONVERSION = YES;
				GCC_WARN_ABOUT_RETURN_TYPE = YES_ERROR;
				GCC_WARN_UNDECLARED_SELECTOR = YES;
				GCC_WARN_UNINITIALIZED_AUTOS = YES_AGGRESSIVE;
				GCC_WARN_UNUSED_FUNCTION = YES;
				GCC_WARN_UNUSED_VARIABLE = YES;
				IPHONEOS_DEPLOYMENT_TARGET = 10.1;
				MTL_ENABLE_DEBUG_INFO = NO;
				SDKROOT = iphoneos;
				SWIFT_OPTIMIZATION_LEVEL = "-Owholemodule";
				TARGETED_DEVICE_FAMILY = "1,2";
				VALIDATE_PRODUCT = YES;
			};
			name = Release;
		};
		68252AB11DE8A92F0039AF1B /* Debug */ = {
			isa = XCBuildConfiguration;
			buildSettings = {
				ASSETCATALOG_COMPILER_APPICON_NAME = AppIcon;
				INFOPLIST_FILE = SaveTheKittens/Info.plist;
				LD_RUNPATH_SEARCH_PATHS = "$(inherited) @executable_path/Frameworks";
				PRODUCT_BUNDLE_IDENTIFIER = com.HackingInnovations.SaveTheKittens;
				PRODUCT_NAME = "$(TARGET_NAME)";
				SWIFT_VERSION = 3.0;
			};
			name = Debug;
		};
		68252AB21DE8A92F0039AF1B /* Release */ = {
			isa = XCBuildConfiguration;
			buildSettings = {
				ASSETCATALOG_COMPILER_APPICON_NAME = AppIcon;
				INFOPLIST_FILE = SaveTheKittens/Info.plist;
				LD_RUNPATH_SEARCH_PATHS = "$(inherited) @executable_path/Frameworks";
				PRODUCT_BUNDLE_IDENTIFIER = com.HackingInnovations.SaveTheKittens;
				PRODUCT_NAME = "$(TARGET_NAME)";
				SWIFT_VERSION = 3.0;
			};
			name = Release;
		};
		68252AB41DE8A92F0039AF1B /* Debug */ = {
			isa = XCBuildConfiguration;
			buildSettings = {
				ALWAYS_EMBED_SWIFT_STANDARD_LIBRARIES = YES;
				BUNDLE_LOADER = "$(TEST_HOST)";
				INFOPLIST_FILE = SaveTheKittensTests/Info.plist;
				LD_RUNPATH_SEARCH_PATHS = "$(inherited) @executable_path/Frameworks @loader_path/Frameworks";
				PRODUCT_BUNDLE_IDENTIFIER = com.HackingInnovations.SaveTheKittensTests;
				PRODUCT_NAME = "$(TARGET_NAME)";
				SWIFT_VERSION = 3.0;
				TEST_HOST = "$(BUILT_PRODUCTS_DIR)/SaveTheKittens.app/SaveTheKittens";
			};
			name = Debug;
		};
		68252AB51DE8A92F0039AF1B /* Release */ = {
			isa = XCBuildConfiguration;
			buildSettings = {
				ALWAYS_EMBED_SWIFT_STANDARD_LIBRARIES = YES;
				BUNDLE_LOADER = "$(TEST_HOST)";
				INFOPLIST_FILE = SaveTheKittensTests/Info.plist;
				LD_RUNPATH_SEARCH_PATHS = "$(inherited) @executable_path/Frameworks @loader_path/Frameworks";
				PRODUCT_BUNDLE_IDENTIFIER = com.HackingInnovations.SaveTheKittensTests;
				PRODUCT_NAME = "$(TARGET_NAME)";
				SWIFT_VERSION = 3.0;
				TEST_HOST = "$(BUILT_PRODUCTS_DIR)/SaveTheKittens.app/SaveTheKittens";
			};
			name = Release;
		};
		68252AB71DE8A92F0039AF1B /* Debug */ = {
			isa = XCBuildConfiguration;
			buildSettings = {
				ALWAYS_EMBED_SWIFT_STANDARD_LIBRARIES = YES;
				INFOPLIST_FILE = SaveTheKittensUITests/Info.plist;
				LD_RUNPATH_SEARCH_PATHS = "$(inherited) @executable_path/Frameworks @loader_path/Frameworks";
				PRODUCT_BUNDLE_IDENTIFIER = com.HackingInnovations.SaveTheKittensUITests;
				PRODUCT_NAME = "$(TARGET_NAME)";
				SWIFT_VERSION = 3.0;
				TEST_TARGET_NAME = SaveTheKittens;
			};
			name = Debug;
		};
		68252AB81DE8A92F0039AF1B /* Release */ = {
			isa = XCBuildConfiguration;
			buildSettings = {
				ALWAYS_EMBED_SWIFT_STANDARD_LIBRARIES = YES;
				INFOPLIST_FILE = SaveTheKittensUITests/Info.plist;
				LD_RUNPATH_SEARCH_PATHS = "$(inherited) @executable_path/Frameworks @loader_path/Frameworks";
				PRODUCT_BUNDLE_IDENTIFIER = com.HackingInnovations.SaveTheKittensUITests;
				PRODUCT_NAME = "$(TARGET_NAME)";
				SWIFT_VERSION = 3.0;
				TEST_TARGET_NAME = SaveTheKittens;
			};
			name = Release;
		};
/* End XCBuildConfiguration section */

/* Begin XCConfigurationList section */
		68252A831DE8A92E0039AF1B /* Build configuration list for PBXProject "SaveTheKittens" */ = {
			isa = XCConfigurationList;
			buildConfigurations = (
				68252AAE1DE8A92F0039AF1B /* Debug */,
				68252AAF1DE8A92F0039AF1B /* Release */,
			);
			defaultConfigurationIsVisible = 0;
			defaultConfigurationName = Release;
		};
		68252AB01DE8A92F0039AF1B /* Build configuration list for PBXNativeTarget "SaveTheKittens" */ = {
			isa = XCConfigurationList;
			buildConfigurations = (
				68252AB11DE8A92F0039AF1B /* Debug */,
				68252AB21DE8A92F0039AF1B /* Release */,
			);
			defaultConfigurationIsVisible = 0;
		};
		68252AB31DE8A92F0039AF1B /* Build configuration list for PBXNativeTarget "SaveTheKittensTests" */ = {
			isa = XCConfigurationList;
			buildConfigurations = (
				68252AB41DE8A92F0039AF1B /* Debug */,
				68252AB51DE8A92F0039AF1B /* Release */,
			);
			defaultConfigurationIsVisible = 0;
		};
		68252AB61DE8A92F0039AF1B /* Build configuration list for PBXNativeTarget "SaveTheKittensUITests" */ = {
			isa = XCConfigurationList;
			buildConfigurations = (
				68252AB71DE8A92F0039AF1B /* Debug */,
				68252AB81DE8A92F0039AF1B /* Release */,
			);
			defaultConfigurationIsVisible = 0;
		};
/* End XCConfigurationList section */
	};
	rootObject = 68252A801DE8A92E0039AF1B /* Project object */;
}
